
Microsoft Visual Studio Solution File, Format Version 12.00
# Visual Studio Version 17
VisualStudioVersion = 17.3.32929.385
MinimumVisualStudioVersion = 10.0.40219.1
Project("{FAE04EC0-301F-11D3-BF4B-00C04F79EFBC}") = "EmployeeManagementSoftware", "EmployeeManagementSoftware\EmployeeManagementSoftware.csproj", "{839D0D41-C912-4ADA-ACE7-5EE8E03071F5}"
EndProject
Global
	GlobalSection(SolutionConfigurationPlatforms) = preSolution
		Debug|Any CPU = Debug|Any CPU
		Release|Any CPU = Release|Any CPU
	EndGlobalSection
	GlobalSection(ProjectConfigurationPlatforms) = postSolution
		{839D0D41-C912-4ADA-ACE7-5EE8E03071F5}.Debug|Any CPU.ActiveCfg = Debug|Any CPU
		{839D0D41-C912-4ADA-ACE7-5EE8E03071F5}.Debug|Any CPU.Build.0 = Debug|Any CPU
		{839D0D41-C912-4ADA-ACE7-5EE8E03071F5}.Release|Any CPU.ActiveCfg = Release|Any CPU
		{839D0D41-C912-4ADA-ACE7-5EE8E03071F5}.Release|Any CPU.Build.0 = Release|Any CPU
	EndGlobalSection
	GlobalSection(SolutionProperties) = preSolution
		HideSolutionNode = FALSE
	EndGlobalSection
	GlobalSection(ExtensibilityGlobals) = postSolution
		SolutionGuid = {E55BFAEA-E793-4A4D-9107-ABE03040C0BD}
	EndGlobalSection
EndGlobal
